
Microsoft Visual Studio Solution File, Format Version 12.00
# Visual Studio Version 17
VisualStudioVersion = 17.4.33110.190
MinimumVisualStudioVersion = 10.0.40219.1
Project("{9A19103F-16F7-4668-BE54-9A1E7A4F7556}") = "7.5-SchetsEditorC", "SchetsEditorC\7.5-SchetsEditorC.csproj", "{F44C8A71-B82A-48E0-A9AC-1B029B8570B3}"
EndProject
Project("{FAE04EC0-301F-11D3-BF4B-00C04F79EFBC}") = "Sketchy", "Sketchy\Sketchy.csproj", "{2CBB8E11-E02B-4908-B60D-C2563EBC59CC}"
EndProject
Global
	GlobalSection(SolutionConfigurationPlatforms) = preSolution
		Debug|Any CPU = Debug|Any CPU
		Release|Any CPU = Release|Any CPU
	EndGlobalSection
	GlobalSection(ProjectConfigurationPlatforms) = postSolution
		{F44C8A71-B82A-48E0-A9AC-1B029B8570B3}.Debug|Any CPU.ActiveCfg = Debug|Any CPU
		{F44C8A71-B82A-48E0-A9AC-1B029B8570B3}.Debug|Any CPU.Build.0 = Debug|Any CPU
		{F44C8A71-B82A-48E0-A9AC-1B029B8570B3}.Release|Any CPU.ActiveCfg = Release|Any CPU
		{F44C8A71-B82A-48E0-A9AC-1B029B8570B3}.Release|Any CPU.Build.0 = Release|Any CPU
		{2CBB8E11-E02B-4908-B60D-C2563EBC59CC}.Debug|Any CPU.ActiveCfg = Debug|Any CPU
		{2CBB8E11-E02B-4908-B60D-C2563EBC59CC}.Debug|Any CPU.Build.0 = Debug|Any CPU
		{2CBB8E11-E02B-4908-B60D-C2563EBC59CC}.Release|Any CPU.ActiveCfg = Release|Any CPU
		{2CBB8E11-E02B-4908-B60D-C2563EBC59CC}.Release|Any CPU.Build.0 = Release|Any CPU
	EndGlobalSection
	GlobalSection(SolutionProperties) = preSolution
		HideSolutionNode = FALSE
	EndGlobalSection
	GlobalSection(ExtensibilityGlobals) = postSolution
		SolutionGuid = {146CE8E4-8986-4D5F-82FC-706E805BD9F7}
	EndGlobalSection
EndGlobal
